
Microsoft Visual Studio Solution File, Format Version 12.00
# Visual Studio Version 17
VisualStudioVersion = 17.3.32901.215
MinimumVisualStudioVersion = 10.0.40219.1
Project("{FAE04EC0-301F-11D3-BF4B-00C04F79EFBC}") = "WFA221128", "WFA221128\WFA221128.csproj", "{2C6D45E9-998F-4031-91AE-252CA3523047}"
EndProject
Global
	GlobalSection(SolutionConfigurationPlatforms) = preSolution
		Debug|Any CPU = Debug|Any CPU
		Release|Any CPU = Release|Any CPU
	EndGlobalSection
	GlobalSection(ProjectConfigurationPlatforms) = postSolution
		{2C6D45E9-998F-4031-91AE-252CA3523047}.Debug|Any CPU.ActiveCfg = Debug|Any CPU
		{2C6D45E9-998F-4031-91AE-252CA3523047}.Debug|Any CPU.Build.0 = Debug|Any CPU
		{2C6D45E9-998F-4031-91AE-252CA3523047}.Release|Any CPU.ActiveCfg = Release|Any CPU
		{2C6D45E9-998F-4031-91AE-252CA3523047}.Release|Any CPU.Build.0 = Release|Any CPU
	EndGlobalSection
	GlobalSection(SolutionProperties) = preSolution
		HideSolutionNode = FALSE
	EndGlobalSection
	GlobalSection(ExtensibilityGlobals) = postSolution
		SolutionGuid = {0E72C1FE-719E-4F38-B20C-7328959EF24D}
	EndGlobalSection
EndGlobal
